
Microsoft Visual Studio Solution File, Format Version 12.00
# Visual Studio Version 16
VisualStudioVersion = 16.0.31213.239
MinimumVisualStudioVersion = 10.0.40219.1
Project("{FAE04EC0-301F-11D3-BF4B-00C04F79EFBC}") = "Poebota", "Poebota\Poebota.csproj", "{39A01B37-5DF9-404E-9BEB-43CA6E34E747}"
EndProject
Global
	GlobalSection(SolutionConfigurationPlatforms) = preSolution
		Debug|Any CPU = Debug|Any CPU
		Release|Any CPU = Release|Any CPU
	EndGlobalSection
	GlobalSection(ProjectConfigurationPlatforms) = postSolution
		{39A01B37-5DF9-404E-9BEB-43CA6E34E747}.Debug|Any CPU.ActiveCfg = Debug|Any CPU
		{39A01B37-5DF9-404E-9BEB-43CA6E34E747}.Debug|Any CPU.Build.0 = Debug|Any CPU
		{39A01B37-5DF9-404E-9BEB-43CA6E34E747}.Release|Any CPU.ActiveCfg = Release|Any CPU
		{39A01B37-5DF9-404E-9BEB-43CA6E34E747}.Release|Any CPU.Build.0 = Release|Any CPU
	EndGlobalSection
	GlobalSection(SolutionProperties) = preSolution
		HideSolutionNode = FALSE
	EndGlobalSection
	GlobalSection(ExtensibilityGlobals) = postSolution
		SolutionGuid = {A8667B90-F39F-4DF3-A307-BBA530A2B075}
	EndGlobalSection
EndGlobal
